// !$*UTF8*$!
{
	archiveVersion = 1;
	classes = {
	};
	objectVersion = 46;
	objects = {

/* Begin PBXBuildFile section */
		114BC4061A34813400DD9AA0 /* person1.jpeg in Resources */ = {isa = PBXBuildFile; fileRef = 114BC4021A34813400DD9AA0 /* person1.jpeg */; };
		114BC4071A34813400DD9AA0 /* person2.jpeg in Resources */ = {isa = PBXBuildFile; fileRef = 114BC4031A34813400DD9AA0 /* person2.jpeg */; };
		114BC4081A34813400DD9AA0 /* person3.jpg in Resources */ = {isa = PBXBuildFile; fileRef = 114BC4041A34813400DD9AA0 /* person3.jpg */; };
		114BC4091A34813400DD9AA0 /* person4.jpeg in Resources */ = {isa = PBXBuildFile; fileRef = 114BC4051A34813400DD9AA0 /* person4.jpeg */; };
		114BC40C1A34815A00DD9AA0 /* CCUserData.m in Sources */ = {isa = PBXBuildFile; fileRef = 114BC40B1A34815A00DD9AA0 /* CCUserData.m */; };
		117E1C401A3445B8006E85D1 /* Foundation.framework in Frameworks */ = {isa = PBXBuildFile; fileRef = 117E1C3F1A3445B8006E85D1 /* Foundation.framework */; };
		117E1C421A3445B8006E85D1 /* CoreGraphics.framework in Frameworks */ = {isa = PBXBuildFile; fileRef = 117E1C411A3445B8006E85D1 /* CoreGraphics.framework */; };
		117E1C441A3445B8006E85D1 /* UIKit.framework in Frameworks */ = {isa = PBXBuildFile; fileRef = 117E1C431A3445B8006E85D1 /* UIKit.framework */; };
		117E1C4A1A3445B8006E85D1 /* InfoPlist.strings in Resources */ = {isa = PBXBuildFile; fileRef = 117E1C481A3445B8006E85D1 /* InfoPlist.strings */; };
		117E1C4C1A3445B8006E85D1 /* main.m in Sources */ = {isa = PBXBuildFile; fileRef = 117E1C4B1A3445B8006E85D1 /* main.m */; };
		117E1C501A3445B8006E85D1 /* XZZAppDelegate.m in Sources */ = {isa = PBXBuildFile; fileRef = 117E1C4F1A3445B8006E85D1 /* XZZAppDelegate.m */; };
		117E1C531A3445B8006E85D1 /* Main_iPhone.storyboard in Resources */ = {isa = PBXBuildFile; fileRef = 117E1C511A3445B8006E85D1 /* Main_iPhone.storyboard */; };
		117E1C561A3445B8006E85D1 /* Main_iPad.storyboard in Resources */ = {isa = PBXBuildFile; fileRef = 117E1C541A3445B8006E85D1 /* Main_iPad.storyboard */; };
		117E1C591A3445B8006E85D1 /* XZZViewController.m in Sources */ = {isa = PBXBuildFile; fileRef = 117E1C581A3445B8006E85D1 /* XZZViewController.m */; };
		117E1C5B1A3445B8006E85D1 /* Images.xcassets in Resources */ = {isa = PBXBuildFile; fileRef = 117E1C5A1A3445B8006E85D1 /* Images.xcassets */; };
		117E1C621A3445B8006E85D1 /* XCTest.framework in Frameworks */ = {isa = PBXBuildFile; fileRef = 117E1C611A3445B8006E85D1 /* XCTest.framework */; };
		117E1C631A3445B8006E85D1 /* Foundation.framework in Frameworks */ = {isa = PBXBuildFile; fileRef = 117E1C3F1A3445B8006E85D1 /* Foundation.framework */; };
		117E1C641A3445B8006E85D1 /* UIKit.framework in Frameworks */ = {isa = PBXBuildFile; fileRef = 117E1C431A3445B8006E85D1 /* UIKit.framework */; };
		117E1C6C1A3445B8006E85D1 /* InfoPlist.strings in Resources */ = {isa = PBXBuildFile; fileRef = 117E1C6A1A3445B8006E85D1 /* InfoPlist.strings */; };
		117E1C6E1A3445B8006E85D1 /* User_Data_Chanlenge_SolutionTests.m in Sources */ = {isa = PBXBuildFile; fileRef = 117E1C6D1A3445B8006E85D1 /* User_Data_Chanlenge_SolutionTests.m */; };
		117E1C791A3445D7006E85D1 /* XZZUserData.m in Sources */ = {isa = PBXBuildFile; fileRef = 117E1C781A3445D7006E85D1 /* XZZUserData.m */; };
/* End PBXBuildFile section */

/* Begin PBXContainerItemProxy section */
		117E1C651A3445B8006E85D1 /* PBXContainerItemProxy */ = {
			isa = PBXContainerItemProxy;
			containerPortal = 117E1C341A3445B8006E85D1 /* Project object */;
			proxyType = 1;
			remoteGlobalIDString = 117E1C3B1A3445B8006E85D1;
			remoteInfo = "User Data Chanlenge Solution";
		};
/* End PBXContainerItemProxy section */

/* Begin PBXFileReference section */
		114BC4021A34813400DD9AA0 /* person1.jpeg */ = {isa = PBXFileReference; lastKnownFileType = image.jpeg; path = person1.jpeg; sourceTree = "<group>"; };
		114BC4031A34813400DD9AA0 /* person2.jpeg */ = {isa = PBXFileReference; lastKnownFileType = image.jpeg; path = person2.jpeg; sourceTree = "<group>"; };
		114BC4041A34813400DD9AA0 /* person3.jpg */ = {isa = PBXFileReference; lastKnownFileType = image.jpeg; path = person3.jpg; sourceTree = "<group>"; };
		114BC4051A34813400DD9AA0 /* person4.jpeg */ = {isa = PBXFileReference; lastKnownFileType = image.jpeg; path = person4.jpeg; sourceTree = "<group>"; };
		114BC40A1A34815A00DD9AA0 /* CCUserData.h */ = {isa = PBXFileReference; fileEncoding = 4; lastKnownFileType = sourcecode.c.h; path = CCUserData.h; sourceTree = "<group>"; };
		114BC40B1A34815A00DD9AA0 /* CCUserData.m */ = {isa = PBXFileReference; fileEncoding = 4; lastKnownFileType = sourcecode.c.objc; path = CCUserData.m; sourceTree = "<group>"; };
		117E1C3C1A3445B8006E85D1 /* User Data Chanlenge Solution.app */ = {isa = PBXFileReference; explicitFileType = wrapper.application; includeInIndex = 0; path = "User Data Chanlenge Solution.app"; sourceTree = BUILT_PRODUCTS_DIR; };
		117E1C3F1A3445B8006E85D1 /* Foundation.framework */ = {isa = PBXFileReference; lastKnownFileType = wrapper.framework; name = Foundation.framework; path = System/Library/Frameworks/Foundation.framework; sourceTree = SDKROOT; };
		117E1C411A3445B8006E85D1 /* CoreGraphics.framework */ = {isa = PBXFileReference; lastKnownFileType = wrapper.framework; name = CoreGraphics.framework; path = System/Library/Frameworks/CoreGraphics.framework; sourceTree = SDKROOT; };
		117E1C431A3445B8006E85D1 /* UIKit.framework */ = {isa = PBXFileReference; lastKnownFileType = wrapper.framework; name = UIKit.framework; path = System/Library/Frameworks/UIKit.framework; sourceTree = SDKROOT; };
		117E1C471A3445B8006E85D1 /* User Data Chanlenge Solution-Info.plist */ = {isa = PBXFileReference; lastKnownFileType = text.plist.xml; path = "User Data Chanlenge Solution-Info.plist"; sourceTree = "<group>"; };
		117E1C491A3445B8006E85D1 /* en */ = {isa = PBXFileReference; lastKnownFileType = text.plist.strings; name = en; path = en.lproj/InfoPlist.strings; sourceTree = "<group>"; };
		117E1C4B1A3445B8006E85D1 /* main.m */ = {isa = PBXFileReference; lastKnownFileType = sourcecode.c.objc; path = main.m; sourceTree = "<group>"; };
		117E1C4D1A3445B8006E85D1 /* User Data Chanlenge Solution-Prefix.pch */ = {isa = PBXFileReference; lastKnownFileType = sourcecode.c.h; path = "User Data Chanlenge Solution-Prefix.pch"; sourceTree = "<group>"; };
		117E1C4E1A3445B8006E85D1 /* XZZAppDelegate.h */ = {isa = PBXFileReference; lastKnownFileType = sourcecode.c.h; path = XZZAppDelegate.h; sourceTree = "<group>"; };
		117E1C4F1A3445B8006E85D1 /* XZZAppDelegate.m */ = {isa = PBXFileReference; lastKnownFileType = sourcecode.c.objc; path = XZZAppDelegate.m; sourceTree = "<group>"; };
		117E1C521A3445B8006E85D1 /* Base */ = {isa = PBXFileReference; lastKnownFileType = file.storyboard; name = Base; path = Base.lproj/Main_iPhone.storyboard; sourceTree = "<group>"; };
		117E1C551A3445B8006E85D1 /* Base */ = {isa = PBXFileReference; lastKnownFileType = file.storyboard; name = Base; path = Base.lproj/Main_iPad.storyboard; sourceTree = "<group>"; };
		117E1C571A3445B8006E85D1 /* XZZViewController.h */ = {isa = PBXFileReference; lastKnownFileType = sourcecode.c.h; path = XZZViewController.h; sourceTree = "<group>"; };
		117E1C581A3445B8006E85D1 /* XZZViewController.m */ = {isa = PBXFileReference; lastKnownFileType = sourcecode.c.objc; path = XZZViewController.m; sourceTree = "<group>"; };
		117E1C5A1A3445B8006E85D1 /* Images.xcassets */ = {isa = PBXFileReference; lastKnownFileType = folder.assetcatalog; path = Images.xcassets; sourceTree = "<group>"; };
		117E1C601A3445B8006E85D1 /* User Data Chanlenge SolutionTests.xctest */ = {isa = PBXFileReference; explicitFileType = wrapper.cfbundle; includeInIndex = 0; path = "User Data Chanlenge SolutionTests.xctest"; sourceTree = BUILT_PRODUCTS_DIR; };
		117E1C611A3445B8006E85D1 /* XCTest.framework */ = {isa = PBXFileReference; lastKnownFileType = wrapper.framework; name = XCTest.framework; path = Library/Frameworks/XCTest.framework; sourceTree = DEVELOPER_DIR; };
		117E1C691A3445B8006E85D1 /* User Data Chanlenge SolutionTests-Info.plist */ = {isa = PBXFileReference; lastKnownFileType = text.plist.xml; path = "User Data Chanlenge SolutionTests-Info.plist"; sourceTree = "<group>"; };
		117E1C6B1A3445B8006E85D1 /* en */ = {isa = PBXFileReference; lastKnownFileType = text.plist.strings; name = en; path = en.lproj/InfoPlist.strings; sourceTree = "<group>"; };
		117E1C6D1A3445B8006E85D1 /* User_Data_Chanlenge_SolutionTests.m */ = {isa = PBXFileReference; lastKnownFileType = sourcecode.c.objc; path = User_Data_Chanlenge_SolutionTests.m; sourceTree = "<group>"; };
		117E1C771A3445D7006E85D1 /* XZZUserData.h */ = {isa = PBXFileReference; fileEncoding = 4; lastKnownFileType = sourcecode.c.h; name = XZZUserData.h; path = ../XZZUserData.h; sourceTree = "<group>"; };
		117E1C781A3445D7006E85D1 /* XZZUserData.m */ = {isa = PBXFileReference; fileEncoding = 4; lastKnownFileType = sourcecode.c.objc; name = XZZUserData.m; path = ../XZZUserData.m; sourceTree = "<group>"; };
/* End PBXFileReference section */

/* Begin PBXFrameworksBuildPhase section */
		117E1C391A3445B8006E85D1 /* Frameworks */ = {
			isa = PBXFrameworksBuildPhase;
			buildActionMask = 2147483647;
			files = (
				117E1C421A3445B8006E85D1 /* CoreGraphics.framework in Frameworks */,
				117E1C441A3445B8006E85D1 /* UIKit.framework in Frameworks */,
				117E1C401A3445B8006E85D1 /* Foundation.framework in Frameworks */,
			);
			runOnlyForDeploymentPostprocessing = 0;
		};
		117E1C5D1A3445B8006E85D1 /* Frameworks */ = {
			isa = PBXFrameworksBuildPhase;
			buildActionMask = 2147483647;
			files = (
				117E1C621A3445B8006E85D1 /* XCTest.framework in Frameworks */,
				117E1C641A3445B8006E85D1 /* UIKit.framework in Frameworks */,
				117E1C631A3445B8006E85D1 /* Foundation.framework in Frameworks */,
			);
			runOnlyForDeploymentPostprocessing = 0;
		};
/* End PBXFrameworksBuildPhase section */

/* Begin PBXGroup section */
		117E1C331A3445B8006E85D1 = {
			isa = PBXGroup;
			children = (
				117E1C451A3445B8006E85D1 /* User Data Chanlenge Solution */,
				117E1C671A3445B8006E85D1 /* User Data Chanlenge SolutionTests */,
				117E1C3E1A3445B8006E85D1 /* Frameworks */,
				117E1C3D1A3445B8006E85D1 /* Products */,
			);
			sourceTree = "<group>";
		};
		117E1C3D1A3445B8006E85D1 /* Products */ = {
			isa = PBXGroup;
			children = (
				117E1C3C1A3445B8006E85D1 /* User Data Chanlenge Solution.app */,
				117E1C601A3445B8006E85D1 /* User Data Chanlenge SolutionTests.xctest */,
			);
			name = Products;
			sourceTree = "<group>";
		};
		117E1C3E1A3445B8006E85D1 /* Frameworks */ = {
			isa = PBXGroup;
			children = (
				117E1C3F1A3445B8006E85D1 /* Foundation.framework */,
				117E1C411A3445B8006E85D1 /* CoreGraphics.framework */,
				117E1C431A3445B8006E85D1 /* UIKit.framework */,
				117E1C611A3445B8006E85D1 /* XCTest.framework */,
			);
			name = Frameworks;
			sourceTree = "<group>";
		};
		117E1C451A3445B8006E85D1 /* User Data Chanlenge Solution */ = {
			isa = PBXGroup;
			children = (
				117E1C4E1A3445B8006E85D1 /* XZZAppDelegate.h */,
				117E1C4F1A3445B8006E85D1 /* XZZAppDelegate.m */,
				117E1C511A3445B8006E85D1 /* Main_iPhone.storyboard */,
				117E1C541A3445B8006E85D1 /* Main_iPad.storyboard */,
				117E1C571A3445B8006E85D1 /* XZZViewController.h */,
				117E1C581A3445B8006E85D1 /* XZZViewController.m */,
				117E1C771A3445D7006E85D1 /* XZZUserData.h */,
				117E1C781A3445D7006E85D1 /* XZZUserData.m */,
				117E1C5A1A3445B8006E85D1 /* Images.xcassets */,
				117E1C461A3445B8006E85D1 /* Supporting Files */,
			);
			path = "User Data Chanlenge Solution";
			sourceTree = "<group>";
		};
		117E1C461A3445B8006E85D1 /* Supporting Files */ = {
			isa = PBXGroup;
			children = (
				114BC40A1A34815A00DD9AA0 /* CCUserData.h */,
				114BC40B1A34815A00DD9AA0 /* CCUserData.m */,
				114BC4021A34813400DD9AA0 /* person1.jpeg */,
				114BC4031A34813400DD9AA0 /* person2.jpeg */,
				114BC4041A34813400DD9AA0 /* person3.jpg */,
				114BC4051A34813400DD9AA0 /* person4.jpeg */,
				117E1C471A3445B8006E85D1 /* User Data Chanlenge Solution-Info.plist */,
				117E1C481A3445B8006E85D1 /* InfoPlist.strings */,
				117E1C4B1A3445B8006E85D1 /* main.m */,
				117E1C4D1A3445B8006E85D1 /* User Data Chanlenge Solution-Prefix.pch */,
			);
			name = "Supporting Files";
			sourceTree = "<group>";
		};
		117E1C671A3445B8006E85D1 /* User Data Chanlenge SolutionTests */ = {
			isa = PBXGroup;
			children = (
				117E1C6D1A3445B8006E85D1 /* User_Data_Chanlenge_SolutionTests.m */,
				117E1C681A3445B8006E85D1 /* Supporting Files */,
			);
			path = "User Data Chanlenge SolutionTests";
			sourceTree = "<group>";
		};
		117E1C681A3445B8006E85D1 /* Supporting Files */ = {
			isa = PBXGroup;
			children = (
				117E1C691A3445B8006E85D1 /* User Data Chanlenge SolutionTests-Info.plist */,
				117E1C6A1A3445B8006E85D1 /* InfoPlist.strings */,
			);
			name = "Supporting Files";
			sourceTree = "<group>";
		};
/* End PBXGroup section */

/* Begin PBXNativeTarget section */
		117E1C3B1A3445B8006E85D1 /* User Data Chanlenge Solution */ = {
			isa = PBXNativeTarget;
			buildConfigurationList = 117E1C711A3445B8006E85D1 /* Build configuration list for PBXNativeTarget "User Data Chanlenge Solution" */;
			buildPhases = (
				117E1C381A3445B8006E85D1 /* Sources */,
				117E1C391A3445B8006E85D1 /* Frameworks */,
				117E1C3A1A3445B8006E85D1 /* Resources */,
			);
			buildRules = (
			);
			dependencies = (
			);
			name = "User Data Chanlenge Solution";
			productName = "User Data Chanlenge Solution";
			productReference = 117E1C3C1A3445B8006E85D1 /* User Data Chanlenge Solution.app */;
			productType = "com.apple.product-type.application";
		};
		117E1C5F1A3445B8006E85D1 /* User Data Chanlenge SolutionTests */ = {
			isa = PBXNativeTarget;
			buildConfigurationList = 117E1C741A3445B8006E85D1 /* Build configuration list for PBXNativeTarget "User Data Chanlenge SolutionTests" */;
			buildPhases = (
				117E1C5C1A3445B8006E85D1 /* Sources */,
				117E1C5D1A3445B8006E85D1 /* Frameworks */,
				117E1C5E1A3445B8006E85D1 /* Resources */,
			);
			buildRules = (
			);
			dependencies = (
				117E1C661A3445B8006E85D1 /* PBXTargetDependency */,
			);
			name = "User Data Chanlenge SolutionTests";
			productName = "User Data Chanlenge SolutionTests";
			productReference = 117E1C601A3445B8006E85D1 /* User Data Chanlenge SolutionTests.xctest */;
			productType = "com.apple.product-type.bundle.unit-test";
		};
/* End PBXNativeTarget section */

/* Begin PBXProject section */
		117E1C341A3445B8006E85D1 /* Project object */ = {
			isa = PBXProject;
			attributes = {
				CLASSPREFIX = XZZ;
				LastUpgradeCheck = 0510;
				ORGANIZATIONNAME = 1st1k;
				TargetAttributes = {
					117E1C5F1A3445B8006E85D1 = {
						TestTargetID = 117E1C3B1A3445B8006E85D1;
					};
				};
			};
			buildConfigurationList = 117E1C371A3445B8006E85D1 /* Build configuration list for PBXProject "User Data Chanlenge Solution" */;
			compatibilityVersion = "Xcode 3.2";
			developmentRegion = English;
			hasScannedForEncodings = 0;
			knownRegions = (
				en,
				Base,
			);
			mainGroup = 117E1C331A3445B8006E85D1;
			productRefGroup = 117E1C3D1A3445B8006E85D1 /* Products */;
			projectDirPath = "";
			projectRoot = "";
			targets = (
				117E1C3B1A3445B8006E85D1 /* User Data Chanlenge Solution */,
				117E1C5F1A3445B8006E85D1 /* User Data Chanlenge SolutionTests */,
			);
		};
/* End PBXProject section */

/* Begin PBXResourcesBuildPhase section */
		117E1C3A1A3445B8006E85D1 /* Resources */ = {
			isa = PBXResourcesBuildPhase;
			buildActionMask = 2147483647;
			files = (
				117E1C561A3445B8006E85D1 /* Main_iPad.storyboard in Resources */,
				114BC4081A34813400DD9AA0 /* person3.jpg in Resources */,
				117E1C5B1A3445B8006E85D1 /* Images.xcassets in Resources */,
				114BC4091A34813400DD9AA0 /* person4.jpeg in Resources */,
				117E1C531A3445B8006E85D1 /* Main_iPhone.storyboard in Resources */,
				117E1C4A1A3445B8006E85D1 /* InfoPlist.strings in Resources */,
				114BC4061A34813400DD9AA0 /* person1.jpeg in Resources */,
				114BC4071A34813400DD9AA0 /* person2.jpeg in Resources */,
			);
			runOnlyForDeploymentPostprocessing = 0;
		};
		117E1C5E1A3445B8006E85D1 /* Resources */ = {
			isa = PBXResourcesBuildPhase;
			buildActionMask = 2147483647;
			files = (
				117E1C6C1A3445B8006E85D1 /* InfoPlist.strings in Resources */,
			);
			runOnlyForDeploymentPostprocessing = 0;
		};
/* End PBXResourcesBuildPhase section */

/* Begin PBXSourcesBuildPhase section */
		117E1C381A3445B8006E85D1 /* Sources */ = {
			isa = PBXSourcesBuildPhase;
			buildActionMask = 2147483647;
			files = (
				117E1C4C1A3445B8006E85D1 /* main.m in Sources */,
				114BC40C1A34815A00DD9AA0 /* CCUserData.m in Sources */,
				117E1C791A3445D7006E85D1 /* XZZUserData.m in Sources */,
				117E1C501A3445B8006E85D1 /* XZZAppDelegate.m in Sources */,
				117E1C591A3445B8006E85D1 /* XZZViewController.m in Sources */,
			);
			runOnlyForDeploymentPostprocessing = 0;
		};
		117E1C5C1A3445B8006E85D1 /* Sources */ = {
			isa = PBXSourcesBuildPhase;
			buildActionMask = 2147483647;
			files = (
				117E1C6E1A3445B8006E85D1 /* User_Data_Chanlenge_SolutionTests.m in Sources */,
			);
			runOnlyForDeploymentPostprocessing = 0;
		};
/* End PBXSourcesBuildPhase section */

/* Begin PBXTargetDependency section */
		117E1C661A3445B8006E85D1 /* PBXTargetDependency */ = {
			isa = PBXTargetDependency;
			target = 117E1C3B1A3445B8006E85D1 /* User Data Chanlenge Solution */;
			targetProxy = 117E1C651A3445B8006E85D1 /* PBXContainerItemProxy */;
		};
/* End PBXTargetDependency section */

/* Begin PBXVariantGroup section */
		117E1C481A3445B8006E85D1 /* InfoPlist.strings */ = {
			isa = PBXVariantGroup;
			children = (
				117E1C491A3445B8006E85D1 /* en */,
			);
			name = InfoPlist.strings;
			sourceTree = "<group>";
		};
		117E1C511A3445B8006E85D1 /* Main_iPhone.storyboard */ = {
			isa = PBXVariantGroup;
			children = (
				117E1C521A3445B8006E85D1 /* Base */,
			);
			name = Main_iPhone.storyboard;
			sourceTree = "<group>";
		};
		117E1C541A3445B8006E85D1 /* Main_iPad.storyboard */ = {
			isa = PBXVariantGroup;
			children = (
				117E1C551A3445B8006E85D1 /* Base */,
			);
			name = Main_iPad.storyboard;
			sourceTree = "<group>";
		};
		117E1C6A1A3445B8006E85D1 /* InfoPlist.strings */ = {
			isa = PBXVariantGroup;
			children = (
				117E1C6B1A3445B8006E85D1 /* en */,
			);
			name = InfoPlist.strings;
			sourceTree = "<group>";
		};
/* End PBXVariantGroup section */

/* Begin XCBuildConfiguration section */
		117E1C6F1A3445B8006E85D1 /* Debug */ = {
			isa = XCBuildConfiguration;
			buildSettings = {
				ALWAYS_SEARCH_USER_PATHS = NO;
				CLANG_CXX_LANGUAGE_STANDARD = "gnu++0x";
				CLANG_CXX_LIBRARY = "libc++";
				CLANG_ENABLE_MODULES = YES;
				CLANG_ENABLE_OBJC_ARC = YES;
				CLANG_WARN_BOOL_CONVERSION = YES;
				CLANG_WARN_CONSTANT_CONVERSION = YES;
				CLANG_WARN_DIRECT_OBJC_ISA_USAGE = YES_ERROR;
				CLANG_WARN_EMPTY_BODY = YES;
				CLANG_WARN_ENUM_CONVERSION = YES;
				CLANG_WARN_INT_CONVERSION = YES;
				CLANG_WARN_OBJC_ROOT_CLASS = YES_ERROR;
				CLANG_WARN__DUPLICATE_METHOD_MATCH = YES;
				"CODE_SIGN_IDENTITY[sdk=iphoneos*]" = "iPhone Developer";
				COPY_PHASE_STRIP = NO;
				GCC_C_LANGUAGE_STANDARD = gnu99;
				GCC_DYNAMIC_NO_PIC = NO;
				GCC_OPTIMIZATION_LEVEL = 0;
				GCC_PREPROCESSOR_DEFINITIONS = (
					"DEBUG=1",
					"$(inherited)",
				);
				GCC_SYMBOLS_PRIVATE_EXTERN = NO;
				GCC_WARN_64_TO_32_BIT_CONVERSION = YES;
				GCC_WARN_ABOUT_RETURN_TYPE = YES_ERROR;
				GCC_WARN_UNDECLARED_SELECTOR = YES;
				GCC_WARN_UNINITIALIZED_AUTOS = YES_AGGRESSIVE;
				GCC_WARN_UNUSED_FUNCTION = YES;
				GCC_WARN_UNUSED_VARIABLE = YES;
				IPHONEOS_DEPLOYMENT_TARGET = 7.1;
				ONLY_ACTIVE_ARCH = YES;
				SDKROOT = iphoneos;
				TARGETED_DEVICE_FAMILY = "1,2";
			};
			name = Debug;
		};
		117E1C701A3445B8006E85D1 /* Release */ = {
			isa = XCBuildConfiguration;
			buildSettings = {
				ALWAYS_SEARCH_USER_PATHS = NO;
				CLANG_CXX_LANGUAGE_STANDARD = "gnu++0x";
				CLANG_CXX_LIBRARY = "libc++";
				CLANG_ENABLE_MODULES = YES;
				CLANG_ENABLE_OBJC_ARC = YES;
				CLANG_WARN_BOOL_CONVERSION = YES;
				CLANG_WARN_CONSTANT_CONVERSION = YES;
				CLANG_WARN_DIRECT_OBJC_ISA_USAGE = YES_ERROR;
				CLANG_WARN_EMPTY_BODY = YES;
				CLANG_WARN_ENUM_CONVERSION = YES;
				CLANG_WARN_INT_CONVERSION = YES;
				CLANG_WARN_OBJC_ROOT_CLASS = YES_ERROR;
				CLANG_WARN__DUPLICATE_METHOD_MATCH = YES;
				"CODE_SIGN_IDENTITY[sdk=iphoneos*]" = "iPhone Developer";
				COPY_PHASE_STRIP = YES;
				ENABLE_NS_ASSERTIONS = NO;
				GCC_C_LANGUAGE_STANDARD = gnu99;
				GCC_WARN_64_TO_32_BIT_CONVERSION = YES;
				GCC_WARN_ABOUT_RETURN_TYPE = YES_ERROR;
				GCC_WARN_UNDECLARED_SELECTOR = YES;
				GCC_WARN_UNINITIALIZED_AUTOS = YES_AGGRESSIVE;
				GCC_WARN_UNUSED_FUNCTION = YES;
				GCC_WARN_UNUSED_VARIABLE = YES;
				IPHONEOS_DEPLOYMENT_TARGET = 7.1;
				SDKROOT = iphoneos;
				TARGETED_DEVICE_FAMILY = "1,2";
				VALIDATE_PRODUCT = YES;
			};
			name = Release;
		};
		117E1C721A3445B8006E85D1 /* Debug */ = {
			isa = XCBuildConfiguration;
			buildSettings = {
				ASSETCATALOG_COMPILER_APPICON_NAME = AppIcon;
				ASSETCATALOG_COMPILER_LAUNCHIMAGE_NAME = LaunchImage;
				GCC_PRECOMPILE_PREFIX_HEADER = YES;
				GCC_PREFIX_HEADER = "User Data Chanlenge Solution/User Data Chanlenge Solution-Prefix.pch";
				INFOPLIST_FILE = "User Data Chanlenge Solution/User Data Chanlenge Solution-Info.plist";
				PRODUCT_NAME = "$(TARGET_NAME)";
				WRAPPER_EXTENSION = app;
			};
			name = Debug;
		};
		117E1C731A3445B8006E85D1 /* Release */ = {
			isa = XCBuildConfiguration;
			buildSettings = {
				ASSETCATALOG_COMPILER_APPICON_NAME = AppIcon;
				ASSETCATALOG_COMPILER_LAUNCHIMAGE_NAME = LaunchImage;
				GCC_PRECOMPILE_PREFIX_HEADER = YES;
				GCC_PREFIX_HEADER = "User Data Chanlenge Solution/User Data Chanlenge Solution-Prefix.pch";
				INFOPLIST_FILE = "User Data Chanlenge Solution/User Data Chanlenge Solution-Info.plist";
				PRODUCT_NAME = "$(TARGET_NAME)";
				WRAPPER_EXTENSION = app;
			};
			name = Release;
		};
		117E1C751A3445B8006E85D1 /* Debug */ = {
			isa = XCBuildConfiguration;
			buildSettings = {
				BUNDLE_LOADER = "$(BUILT_PRODUCTS_DIR)/User Data Chanlenge Solution.app/User Data Chanlenge Solution";
				FRAMEWORK_SEARCH_PATHS = (
					"$(SDKROOT)/Developer/Library/Frameworks",
					"$(inherited)",
					"$(DEVELOPER_FRAMEWORKS_DIR)",
				);
				GCC_PRECOMPILE_PREFIX_HEADER = YES;
				GCC_PREFIX_HEADER = "User Data Chanlenge Solution/User Data Chanlenge Solution-Prefix.pch";
				GCC_PREPROCESSOR_DEFINITIONS = (
					"DEBUG=1",
					"$(inherited)",
				);
				INFOPLIST_FILE = "User Data Chanlenge SolutionTests/User Data Chanlenge SolutionTests-Info.plist";
				PRODUCT_NAME = "$(TARGET_NAME)";
				TEST_HOST = "$(BUNDLE_LOADER)";
				WRAPPER_EXTENSION = xctest;
			};
			name = Debug;
		};
		117E1C761A3445B8006E85D1 /* Release */ = {
			isa = XCBuildConfiguration;
			buildSettings = {
				BUNDLE_LOADER = "$(BUILT_PRODUCTS_DIR)/User Data Chanlenge Solution.app/User Data Chanlenge Solution";
				FRAMEWORK_SEARCH_PATHS = (
					"$(SDKROOT)/Developer/Library/Frameworks",
					"$(inherited)",
					"$(DEVELOPER_FRAMEWORKS_DIR)",
				);
				GCC_PRECOMPILE_PREFIX_HEADER = YES;
				GCC_PREFIX_HEADER = "User Data Chanlenge Solution/User Data Chanlenge Solution-Prefix.pch";
				INFOPLIST_FILE = "User Data Chanlenge SolutionTests/User Data Chanlenge SolutionTests-Info.plist";
				PRODUCT_NAME = "$(TARGET_NAME)";
				TEST_HOST = "$(BUNDLE_LOADER)";
				WRAPPER_EXTENSION = xctest;
			};
			name = Release;
		};
/* End XCBuildConfiguration section */

/* Begin XCConfigurationList section */
		117E1C371A3445B8006E85D1 /* Build configuration list for PBXProject "User Data Chanlenge Solution" */ = {
			isa = XCConfigurationList;
			buildConfigurations = (
				117E1C6F1A3445B8006E85D1 /* Debug */,
				117E1C701A3445B8006E85D1 /* Release */,
			);
			defaultConfigurationIsVisible = 0;
			defaultConfigurationName = Release;
		};
		117E1C711A3445B8006E85D1 /* Build configuration list for PBXNativeTarget "User Data Chanlenge Solution" */ = {
			isa = XCConfigurationList;
			buildConfigurations = (
				117E1C721A3445B8006E85D1 /* Debug */,
				117E1C731A3445B8006E85D1 /* Release */,
			);
			defaultConfigurationIsVisible = 0;
			defaultConfigurationName = Release;
		};
		117E1C741A3445B8006E85D1 /* Build configuration list for PBXNativeTarget "User Data Chanlenge SolutionTests" */ = {
			isa = XCConfigurationList;
			buildConfigurations = (
				117E1C751A3445B8006E85D1 /* Debug */,
				117E1C761A3445B8006E85D1 /* Release */,
			);
			defaultConfigurationIsVisible = 0;
			defaultConfigurationName = Release;
		};
/* End XCConfigurationList section */
	};
	rootObject = 117E1C341A3445B8006E85D1 /* Project object */;
}
